
Microsoft Visual Studio Solution File, Format Version 12.00
# Visual Studio Version 16
VisualStudioVersion = 16.0.29409.12
MinimumVisualStudioVersion = 10.0.40219.1
Project("{FAE04EC0-301F-11D3-BF4B-00C04F79EFBC}") = "ManageProgramFlow", "ManageProgramFlow.csproj", "{EDE3AB03-BE05-4EEE-B661-75A5D683E57E}"
EndProject
Global
	GlobalSection(SolutionConfigurationPlatforms) = preSolution
		Debug|Any CPU = Debug|Any CPU
		Release|Any CPU = Release|Any CPU
	EndGlobalSection
	GlobalSection(ProjectConfigurationPlatforms) = postSolution
		{EDE3AB03-BE05-4EEE-B661-75A5D683E57E}.Debug|Any CPU.ActiveCfg = Debug|Any CPU
		{EDE3AB03-BE05-4EEE-B661-75A5D683E57E}.Debug|Any CPU.Build.0 = Debug|Any CPU
		{EDE3AB03-BE05-4EEE-B661-75A5D683E57E}.Release|Any CPU.ActiveCfg = Release|Any CPU
		{EDE3AB03-BE05-4EEE-B661-75A5D683E57E}.Release|Any CPU.Build.0 = Release|Any CPU
	EndGlobalSection
	GlobalSection(SolutionProperties) = preSolution
		HideSolutionNode = FALSE
	EndGlobalSection
	GlobalSection(ExtensibilityGlobals) = postSolution
		SolutionGuid = {4C716933-2D06-4ED8-AA07-8FAC22435272}
	EndGlobalSection
EndGlobal
